
Microsoft Visual Studio Solution File, Format Version 12.00
# Visual Studio Version 17
VisualStudioVersion = 17.12.35707.178 d17.12
MinimumVisualStudioVersion = 10.0.40219.1
Project("{FAE04EC0-301F-11D3-BF4B-00C04F79EFBC}") = "ekvipTask.Console", "ekvipTask.Console.csproj", "{107D587C-7150-4896-A184-A9BC879A75EC}"
	ProjectSection(ProjectDependencies) = postProject
		{A35FC1E2-8457-41CC-853E-347D385BCDE6} = {A35FC1E2-8457-41CC-853E-347D385BCDE6}
	EndProjectSection
EndProject
Project("{FAE04EC0-301F-11D3-BF4B-00C04F79EFBC}") = "ekvipTask.ClassLibrary", "..\ekvipTask.ClassLibrary\ekvipTask.ClassLibrary.csproj", "{A35FC1E2-8457-41CC-853E-347D385BCDE6}"
EndProject
Global
	GlobalSection(SolutionConfigurationPlatforms) = preSolution
		Debug|Any CPU = Debug|Any CPU
		Release|Any CPU = Release|Any CPU
	EndGlobalSection
	GlobalSection(ProjectConfigurationPlatforms) = postSolution
		{107D587C-7150-4896-A184-A9BC879A75EC}.Debug|Any CPU.ActiveCfg = Debug|Any CPU
		{107D587C-7150-4896-A184-A9BC879A75EC}.Debug|Any CPU.Build.0 = Debug|Any CPU
		{107D587C-7150-4896-A184-A9BC879A75EC}.Release|Any CPU.ActiveCfg = Release|Any CPU
		{107D587C-7150-4896-A184-A9BC879A75EC}.Release|Any CPU.Build.0 = Release|Any CPU
		{A35FC1E2-8457-41CC-853E-347D385BCDE6}.Debug|Any CPU.ActiveCfg = Debug|Any CPU
		{A35FC1E2-8457-41CC-853E-347D385BCDE6}.Debug|Any CPU.Build.0 = Debug|Any CPU
		{A35FC1E2-8457-41CC-853E-347D385BCDE6}.Release|Any CPU.ActiveCfg = Release|Any CPU
		{A35FC1E2-8457-41CC-853E-347D385BCDE6}.Release|Any CPU.Build.0 = Release|Any CPU
	EndGlobalSection
	GlobalSection(SolutionProperties) = preSolution
		HideSolutionNode = FALSE
	EndGlobalSection
EndGlobal
